// !$*UTF8*$!
{
	archiveVersion = 1;
	classes = {
	};
	objectVersion = 60;
	objects = {

/* Begin PBXBuildFile section */
		A001 /* ClashPowApp.swift in Sources */ = {isa = PBXBuildFile; fileRef = B001; };
		A002 /* ContentView.swift in Sources */ = {isa = PBXBuildFile; fileRef = B002; };
		A004 /* DashboardView.swift in Sources */ = {isa = PBXBuildFile; fileRef = B004; };
		94B14BD55C274919B82F3C5E /* AppModel.swift in Sources */ = {isa = PBXBuildFile; fileRef = A7EFEC0FDBC0406AA6A9D774 /* AppModel.swift */; };
		8BC3EAE990F64B20BA6FA269 /* ConfigStore.swift in Sources */ = {isa = PBXBuildFile; fileRef = 9641FF3F733D4D03A5FC9B70 /* ConfigStore.swift */; };
		52A040A2184744959929CD76 /* TrafficHistory.swift in Sources */ = {isa = PBXBuildFile; fileRef = 06A576D2F0DE48B7BA1A37D7 /* TrafficHistory.swift */; };
		394E7B0C59764680BB4D9507 /* MihomoClient.swift in Sources */ = {isa = PBXBuildFile; fileRef = 40F5A17CAAA24A5BBC54C15E /* MihomoClient.swift */; };
		B1F3682AEF4F4C8AB5A97582 /* EngineControl.swift in Sources */ = {isa = PBXBuildFile; fileRef = 43A486CB7FAA4FBBAEBFCCE6 /* EngineControl.swift */; };
		DD035B63A0B144F2BE7205A4 /* KernelManager.swift in Sources */ = {isa = PBXBuildFile; fileRef = A4311730377D47748FC5F9D5 /* KernelManager.swift */; };
		71D6AA8BB9A64328A01B5364 /* MihomoModels.swift in Sources */ = {isa = PBXBuildFile; fileRef = A3BB008E2BF84DF5A2895FBC /* MihomoModels.swift */; };
		F0458DF12625404DA930506D /* ProxiesPage.swift in Sources */ = {isa = PBXBuildFile; fileRef = BF9832249132493A9E51C30C /* ProxiesPage.swift */; };
		4FE025F9B3A84B9A9563DC03 /* ConnectionsPage.swift in Sources */ = {isa = PBXBuildFile; fileRef = A3F21F03B19F4760A795864C /* ConnectionsPage.swift */; };
		D03CD0CC2A8E4B34ACE8FB5A /* RulesPage.swift in Sources */ = {isa = PBXBuildFile; fileRef = 50A6FB0C0B7141B0A804F1A9 /* RulesPage.swift */; };
		9F1A5AD4866E444CB21D6A9A /* LogsPage.swift in Sources */ = {isa = PBXBuildFile; fileRef = 932DCE667C4747EEB24EB3B1 /* LogsPage.swift */; };
		C762A449C2434390BD3E8BF2 /* SubscriptionsPage.swift in Sources */ = {isa = PBXBuildFile; fileRef = 87F1015549B149CD80A68FBC /* SubscriptionsPage.swift */; };
		5C790C4A1B3744679E83ADA0 /* DnsPage.swift in Sources */ = {isa = PBXBuildFile; fileRef = 2A173B69A3BD4DDA8F992A68 /* DnsPage.swift */; };
		4F219760BD14466DA838B50A /* SdwanPage.swift in Sources */ = {isa = PBXBuildFile; fileRef = 5C1B022FFD034AE592948756 /* SdwanPage.swift */; };
		61523827C4D44A56AB8FA9E9 /* ConfigPage.swift in Sources */ = {isa = PBXBuildFile; fileRef = 3D2C04980A2D415390C45937 /* ConfigPage.swift */; };
		AE6635A9ACB74E5DB66892EA /* GeneralPage.swift in Sources */ = {isa = PBXBuildFile; fileRef = 8CBAE68653724149A087BBEE /* GeneralPage.swift */; };
		BA90C1F3406546599706585F /* NetworkPages.swift in Sources */ = {isa = PBXBuildFile; fileRef = A8B1C01AAFB044E986219D24 /* NetworkPages.swift */; };
		A006 /* Models.swift in Sources */ = {isa = PBXBuildFile; fileRef = B006; };
		A015 /* Assets.xcassets in Resources */ = {isa = PBXBuildFile; fileRef = B015; };
		AABBCCDD0000000000000001 /* HelperProtocol.swift in Sources */ = {isa = PBXBuildFile; fileRef = AABBCCDD0000000000000002 /* HelperProtocol.swift */; };
		AABBCCDD0000000000000003 /* XPCManager.swift in Sources */ = {isa = PBXBuildFile; fileRef = AABBCCDD0000000000000004 /* XPCManager.swift */; };
/* End PBXBuildFile section */

/* Begin PBXFileReference section */
		F001 /* ClashPow.app */ = {isa = PBXFileReference; explicitFileType = wrapper.application; path = ClashPow.app; sourceTree = BUILT_PRODUCTS_DIR; };
		B001 /* ClashPowApp.swift */ = {isa = PBXFileReference; lastKnownFileType = sourcecode.swift; path = ClashPowApp.swift; sourceTree = "<group>"; };
		B002 /* ContentView.swift */ = {isa = PBXFileReference; lastKnownFileType = sourcecode.swift; path = ContentView.swift; sourceTree = "<group>"; };
		B004 /* DashboardView.swift */ = {isa = PBXFileReference; lastKnownFileType = sourcecode.swift; path = DashboardView.swift; sourceTree = "<group>"; };
		A7EFEC0FDBC0406AA6A9D774 /* AppModel.swift */ = {isa = PBXFileReference; lastKnownFileType = sourcecode.swift; path = Sources/Model/AppModel.swift; sourceTree = "SOURCE_ROOT"; };
		9641FF3F733D4D03A5FC9B70 /* ConfigStore.swift */ = {isa = PBXFileReference; lastKnownFileType = sourcecode.swift; path = Sources/Model/ConfigStore.swift; sourceTree = "SOURCE_ROOT"; };
		06A576D2F0DE48B7BA1A37D7 /* TrafficHistory.swift */ = {isa = PBXFileReference; lastKnownFileType = sourcecode.swift; path = Sources/Model/TrafficHistory.swift; sourceTree = "SOURCE_ROOT"; };
		40F5A17CAAA24A5BBC54C15E /* MihomoClient.swift */ = {isa = PBXFileReference; lastKnownFileType = sourcecode.swift; path = Sources/XPC/MihomoClient.swift; sourceTree = "SOURCE_ROOT"; };
		43A486CB7FAA4FBBAEBFCCE6 /* EngineControl.swift */ = {isa = PBXFileReference; lastKnownFileType = sourcecode.swift; path = Sources/XPC/EngineControl.swift; sourceTree = "SOURCE_ROOT"; };
		A4311730377D47748FC5F9D5 /* KernelManager.swift */ = {isa = PBXFileReference; lastKnownFileType = sourcecode.swift; path = Sources/XPC/KernelManager.swift; sourceTree = "SOURCE_ROOT"; };
		A3BB008E2BF84DF5A2895FBC /* MihomoModels.swift */ = {isa = PBXFileReference; lastKnownFileType = sourcecode.swift; path = Sources/XPC/MihomoModels.swift; sourceTree = "SOURCE_ROOT"; };
		BF9832249132493A9E51C30C /* ProxiesPage.swift */ = {isa = PBXFileReference; lastKnownFileType = sourcecode.swift; path = Sources/UI/Proxies/ProxiesPage.swift; sourceTree = "SOURCE_ROOT"; };
		A3F21F03B19F4760A795864C /* ConnectionsPage.swift */ = {isa = PBXFileReference; lastKnownFileType = sourcecode.swift; path = Sources/UI/Connections/ConnectionsPage.swift; sourceTree = "SOURCE_ROOT"; };
		50A6FB0C0B7141B0A804F1A9 /* RulesPage.swift */ = {isa = PBXFileReference; lastKnownFileType = sourcecode.swift; path = Sources/UI/Rules/RulesPage.swift; sourceTree = "SOURCE_ROOT"; };
		932DCE667C4747EEB24EB3B1 /* LogsPage.swift */ = {isa = PBXFileReference; lastKnownFileType = sourcecode.swift; path = Sources/UI/Logs/LogsPage.swift; sourceTree = "SOURCE_ROOT"; };
		87F1015549B149CD80A68FBC /* SubscriptionsPage.swift */ = {isa = PBXFileReference; lastKnownFileType = sourcecode.swift; path = Sources/UI/Subscriptions/SubscriptionsPage.swift; sourceTree = "SOURCE_ROOT"; };
		2A173B69A3BD4DDA8F992A68 /* DnsPage.swift */ = {isa = PBXFileReference; lastKnownFileType = sourcecode.swift; path = Sources/UI/DNS/DnsPage.swift; sourceTree = "SOURCE_ROOT"; };
		5C1B022FFD034AE592948756 /* SdwanPage.swift */ = {isa = PBXFileReference; lastKnownFileType = sourcecode.swift; path = Sources/UI/SDWAN/SdwanPage.swift; sourceTree = "SOURCE_ROOT"; };
		3D2C04980A2D415390C45937 /* ConfigPage.swift */ = {isa = PBXFileReference; lastKnownFileType = sourcecode.swift; path = Sources/UI/Config/ConfigPage.swift; sourceTree = "SOURCE_ROOT"; };
		8CBAE68653724149A087BBEE /* GeneralPage.swift */ = {isa = PBXFileReference; lastKnownFileType = sourcecode.swift; path = Sources/UI/Settings/GeneralPage.swift; sourceTree = "SOURCE_ROOT"; };
		A8B1C01AAFB044E986219D24 /* NetworkPages.swift */ = {isa = PBXFileReference; lastKnownFileType = sourcecode.swift; path = Sources/UI/Network/NetworkPages.swift; sourceTree = "SOURCE_ROOT"; };
		B006 /* Models.swift */ = {isa = PBXFileReference; lastKnownFileType = sourcecode.swift; path = Models.swift; sourceTree = "<group>"; };
		B015 /* Assets.xcassets */ = {isa = PBXFileReference; lastKnownFileType = folder.assetcatalog; path = Assets.xcassets; sourceTree = "<group>"; };
		F010 /* Info.plist */ = {isa = PBXFileReference; lastKnownFileType = text.plist.xml; path = Info.plist; sourceTree = "<group>"; };
		AABBCCDD0000000000000002 /* HelperProtocol.swift */ = {isa = PBXFileReference; fileEncoding = 4; lastKnownFileType = sourcecode.swift; path = Sources/XPC/HelperProtocol.swift; sourceTree = "<group>"; };
		AABBCCDD0000000000000004 /* XPCManager.swift */ = {isa = PBXFileReference; fileEncoding = 4; lastKnownFileType = sourcecode.swift; path = Sources/XPC/XPCManager.swift; sourceTree = "<group>"; };
/* End PBXFileReference section */

/* Begin PBXFrameworksBuildPhase section */
		FRAMEWORKS = {isa = PBXFrameworksBuildPhase; buildActionMask = 2147483647; files = (); runOnlyForDeploymentPostprocessing = 0; };
/* End PBXFrameworksBuildPhase section */

/* Begin PBXGroup section */
		G_ROOT = {isa = PBXGroup; children = (G_SOURCES, G_PRODUCTS); sourceTree = "<group>"; };
		G_SOURCES = {isa = PBXGroup; children = (G_APP, G_UI, G_XPC, G_MODEL, G_RESOURCES, G_INFOPLIST); path = Sources; sourceTree = "<group>"; };
		G_APP = {isa = PBXGroup; children = (B001, B002); name = App; path = App; sourceTree = "<group>"; };
		G_UI = {isa = PBXGroup; children = (G_UI_DASHBOARD, G_UI_CONFIGEDITOR); name = UI; path = UI; sourceTree = "<group>"; };
		G_UI_DASHBOARD = {isa = PBXGroup; children = (B004); name = Dashboard; path = Dashboard; sourceTree = "<group>"; };
		G_UI_CONFIGEDITOR = {isa = PBXGroup; children = (BF9832249132493A9E51C30C, A3F21F03B19F4760A795864C, 50A6FB0C0B7141B0A804F1A9, 932DCE667C4747EEB24EB3B1, 87F1015549B149CD80A68FBC, 2A173B69A3BD4DDA8F992A68, 5C1B022FFD034AE592948756, 3D2C04980A2D415390C45937, 8CBAE68653724149A087BBEE, A8B1C01AAFB044E986219D24); name = ConfigEditor; path = ConfigEditor; sourceTree = "<group>"; };
		G_XPC = {isa = PBXGroup; children = (40F5A17CAAA24A5BBC54C15E, 43A486CB7FAA4FBBAEBFCCE6, A4311730377D47748FC5F9D5, A3BB008E2BF84DF5A2895FBC); name = XPC; path = XPC; sourceTree = "<group>"; };
		G_MODEL = {isa = PBXGroup; children = (B006, A7EFEC0FDBC0406AA6A9D774, 9641FF3F733D4D03A5FC9B70, 06A576D2F0DE48B7BA1A37D7); name = Model; path = Model; sourceTree = "<group>"; };
		G_RESOURCES = {isa = PBXGroup; children = (B015); name = Resources; path = Resources; sourceTree = "<group>"; };
		G_INFOPLIST = {isa = PBXGroup; children = (F010); name = "Supporting Files"; sourceTree = "<group>"; };
		G_PRODUCTS = {isa = PBXGroup; children = (F001); name = Products; sourceTree = "<group>"; };
/* End PBXGroup section */

/* Begin PBXNativeTarget section */
		TARGET_CLASHPOW = {isa = PBXNativeTarget; buildConfigurationList = BUILD_CONFIGS; buildPhases = (PHASE_SOURCES, PHASE_RESOURCES, FRAMEWORKS); name = ClashPow; productName = ClashPow; productReference = F001; productType = "com.apple.product-type.application"; };
/* End PBXNativeTarget section */

/* Begin PBXProject section */
		PROJECT_ROOT = {isa = PBXProject; attributes = { BuildIndependentTargetsInParallel = 1; LastUpgradeCheck = 1740; }; buildConfigurationList = BUILD_CONFIGS_PROJECT; compatibilityVersion = "Xcode 15.0"; developmentRegion = en; mainGroup = G_ROOT; productRefGroup = G_PRODUCTS; projectDirPath = ""; targets = (TARGET_CLASHPOW); };
/* End PBXProject section */

/* Begin PBXResourcesBuildPhase section */
		PHASE_RESOURCES = {isa = PBXResourcesBuildPhase; buildActionMask = 2147483647; files = (A015); };
/* End PBXResourcesBuildPhase section */

/* Begin PBXSourcesBuildPhase section */
		PHASE_SOURCES = {isa = PBXSourcesBuildPhase; buildActionMask = 2147483647; files = (AABBCCDD0000000000000001, AABBCCDD0000000000000003, A001, A002, A004, 94B14BD55C274919B82F3C5E, 8BC3EAE990F64B20BA6FA269, 52A040A2184744959929CD76, 394E7B0C59764680BB4D9507, B1F3682AEF4F4C8AB5A97582, DD035B63A0B144F2BE7205A4, 71D6AA8BB9A64328A01B5364, F0458DF12625404DA930506D, 4FE025F9B3A84B9A9563DC03, D03CD0CC2A8E4B34ACE8FB5A, 9F1A5AD4866E444CB21D6A9A, C762A449C2434390BD3E8BF2, 5C790C4A1B3744679E83ADA0, 4F219760BD14466DA838B50A, 61523827C4D44A56AB8FA9E9, AE6635A9ACB74E5DB66892EA, BA90C1F3406546599706585F, A006); };
/* End PBXSourcesBuildPhase section */

/* Begin XCBuildConfiguration section */
		CFG_DEBUG = {isa = XCBuildConfiguration; buildSettings = { MACOSX_DEPLOYMENT_TARGET = 14.0; SDKROOT = macosx; SWIFT_OPTIMIZATION_LEVEL = "-Onone"; SWIFT_VERSION = 5.0; }; name = Debug; };
		CFG_DEBUG_TARGET = {isa = XCBuildConfiguration; buildSettings = { ARCHS = arm64; CODE_SIGN_STYLE = Automatic; PRODUCT_BUNDLE_IDENTIFIER = com.clashpow.app; PRODUCT_NAME = ClashPow; INFOPLIST_FILE = Sources/Info.plist; GENERATE_INFOPLIST_FILE = YES; CURRENT_PROJECT_VERSION = 1; MARKETING_VERSION = 0.4.0; ENABLE_HARDENED_RUNTIME = YES; ASSETCATALOG_COMPILER_APPICON_NAME = AppIcon; CODE_SIGN_ENTITLEMENTS = ClashPow.entitlements; LD_RUNPATH_SEARCH_PATHS = ("$(inherited)", "@executable_path/../Frameworks"); }; name = Debug; };
		CFG_RELEASE = {isa = XCBuildConfiguration; buildSettings = { MACOSX_DEPLOYMENT_TARGET = 14.0; SDKROOT = macosx; SWIFT_OPTIMIZATION_LEVEL = "-O"; SWIFT_VERSION = 5.0; }; name = Release; };
		CFG_RELEASE_TARGET = {isa = XCBuildConfiguration; buildSettings = { ARCHS = arm64; CODE_SIGN_STYLE = Automatic; PRODUCT_BUNDLE_IDENTIFIER = com.clashpow.app; PRODUCT_NAME = ClashPow; INFOPLIST_FILE = Sources/Info.plist; GENERATE_INFOPLIST_FILE = YES; CURRENT_PROJECT_VERSION = 1; MARKETING_VERSION = 0.4.0; ENABLE_HARDENED_RUNTIME = YES; ASSETCATALOG_COMPILER_APPICON_NAME = AppIcon; CODE_SIGN_ENTITLEMENTS = ClashPow.entitlements; LD_RUNPATH_SEARCH_PATHS = ("$(inherited)", "@executable_path/../Frameworks"); }; name = Release; };
/* End XCBuildConfiguration section */

/* Begin XCConfigurationList section */
		BUILD_CONFIGS = {isa = XCConfigurationList; buildConfigurations = (CFG_DEBUG_TARGET, CFG_RELEASE_TARGET); defaultConfigurationName = Release; };
		BUILD_CONFIGS_PROJECT = {isa = XCConfigurationList; buildConfigurations = (CFG_DEBUG, CFG_RELEASE); defaultConfigurationName = Release; };
/* End XCConfigurationList section */
	};
	rootObject = PROJECT_ROOT;
}
